
Microsoft Visual Studio Solution File, Format Version 12.00
# Visual Studio 15
VisualStudioVersion = 15.0.27703.2042
MinimumVisualStudioVersion = 10.0.40219.1
Project("{FAE04EC0-301F-11D3-BF4B-00C04F79EFBC}") = "UnclePhill.WebAPI_NFeS.API", "UnclePhill.WebAPI_NFeS.API\UnclePhill.WebAPI_NFeS.API.csproj", "{825F0D4A-1A6D-4B55-9F1C-072EAA18138A}"
EndProject
Project("{FAE04EC0-301F-11D3-BF4B-00C04F79EFBC}") = "UnclePhill.WebAPI_NFeS.Domain", "UnclePhill.WebAPI_NFeS.Domain\UnclePhill.WebAPI_NFeS.Domain.csproj", "{5EC80E5A-907D-4892-ABAF-FDAE7BE02F6F}"
EndProject
Project("{FAE04EC0-301F-11D3-BF4B-00C04F79EFBC}") = "UnclePhill.WebAPI_NFeS.DataAcess.Entity", "UnclePhill.WebAPI_NFeS.DataAcess.Entity\UnclePhill.WebAPI_NFeS.DataAcess.Entity.csproj", "{E9D9920C-418C-4220-A8DF-4B80041B17AF}"
EndProject
Project("{2150E333-8FDC-42A3-9474-1A3956D46DE8}") = "Common", "Common", "{117C5471-9C2A-4667-92D3-AB0EA868A9D3}"
EndProject
Project("{FAE04EC0-301F-11D3-BF4B-00C04F79EFBC}") = "UnclePhill.Common.Repository.Interface", "UnclePhill.Common.Repository.Interface\UnclePhill.Common.Repository.Interface.csproj", "{A5EE9049-77FB-4B3E-826B-12B4987BAB78}"
EndProject
Project("{FAE04EC0-301F-11D3-BF4B-00C04F79EFBC}") = "UnclePhill.Common.Repository.Entity", "UnclePhill.Common.Repository.Entity\UnclePhill.Common.Repository.Entity.csproj", "{4D57F28C-EDD9-4A8A-A9E8-DDF93D725506}"
EndProject
Project("{FAE04EC0-301F-11D3-BF4B-00C04F79EFBC}") = "UnclePhill.WebAPI_NFeS.Repository.Entity", "UnclePhill.WebAPI_NFeS.Repository.Entity\UnclePhill.WebAPI_NFeS.Repository.Entity.csproj", "{CEBC5752-A000-4C86-8E85-7B762EBCD673}"
EndProject
Global
	GlobalSection(SolutionConfigurationPlatforms) = preSolution
		Debug|Any CPU = Debug|Any CPU
		Release|Any CPU = Release|Any CPU
	EndGlobalSection
	GlobalSection(ProjectConfigurationPlatforms) = postSolution
		{825F0D4A-1A6D-4B55-9F1C-072EAA18138A}.Debug|Any CPU.ActiveCfg = Debug|Any CPU
		{825F0D4A-1A6D-4B55-9F1C-072EAA18138A}.Debug|Any CPU.Build.0 = Debug|Any CPU
		{825F0D4A-1A6D-4B55-9F1C-072EAA18138A}.Release|Any CPU.ActiveCfg = Release|Any CPU
		{825F0D4A-1A6D-4B55-9F1C-072EAA18138A}.Release|Any CPU.Build.0 = Release|Any CPU
		{5EC80E5A-907D-4892-ABAF-FDAE7BE02F6F}.Debug|Any CPU.ActiveCfg = Debug|Any CPU
		{5EC80E5A-907D-4892-ABAF-FDAE7BE02F6F}.Debug|Any CPU.Build.0 = Debug|Any CPU
		{5EC80E5A-907D-4892-ABAF-FDAE7BE02F6F}.Release|Any CPU.ActiveCfg = Release|Any CPU
		{5EC80E5A-907D-4892-ABAF-FDAE7BE02F6F}.Release|Any CPU.Build.0 = Release|Any CPU
		{E9D9920C-418C-4220-A8DF-4B80041B17AF}.Debug|Any CPU.ActiveCfg = Debug|Any CPU
		{E9D9920C-418C-4220-A8DF-4B80041B17AF}.Debug|Any CPU.Build.0 = Debug|Any CPU
		{E9D9920C-418C-4220-A8DF-4B80041B17AF}.Release|Any CPU.ActiveCfg = Release|Any CPU
		{E9D9920C-418C-4220-A8DF-4B80041B17AF}.Release|Any CPU.Build.0 = Release|Any CPU
		{A5EE9049-77FB-4B3E-826B-12B4987BAB78}.Debug|Any CPU.ActiveCfg = Debug|Any CPU
		{A5EE9049-77FB-4B3E-826B-12B4987BAB78}.Debug|Any CPU.Build.0 = Debug|Any CPU
		{A5EE9049-77FB-4B3E-826B-12B4987BAB78}.Release|Any CPU.ActiveCfg = Release|Any CPU
		{A5EE9049-77FB-4B3E-826B-12B4987BAB78}.Release|Any CPU.Build.0 = Release|Any CPU
		{4D57F28C-EDD9-4A8A-A9E8-DDF93D725506}.Debug|Any CPU.ActiveCfg = Debug|Any CPU
		{4D57F28C-EDD9-4A8A-A9E8-DDF93D725506}.Debug|Any CPU.Build.0 = Debug|Any CPU
		{4D57F28C-EDD9-4A8A-A9E8-DDF93D725506}.Release|Any CPU.ActiveCfg = Release|Any CPU
		{4D57F28C-EDD9-4A8A-A9E8-DDF93D725506}.Release|Any CPU.Build.0 = Release|Any CPU
		{CEBC5752-A000-4C86-8E85-7B762EBCD673}.Debug|Any CPU.ActiveCfg = Debug|Any CPU
		{CEBC5752-A000-4C86-8E85-7B762EBCD673}.Debug|Any CPU.Build.0 = Debug|Any CPU
		{CEBC5752-A000-4C86-8E85-7B762EBCD673}.Release|Any CPU.ActiveCfg = Release|Any CPU
		{CEBC5752-A000-4C86-8E85-7B762EBCD673}.Release|Any CPU.Build.0 = Release|Any CPU
	EndGlobalSection
	GlobalSection(SolutionProperties) = preSolution
		HideSolutionNode = FALSE
	EndGlobalSection
	GlobalSection(NestedProjects) = preSolution
		{A5EE9049-77FB-4B3E-826B-12B4987BAB78} = {117C5471-9C2A-4667-92D3-AB0EA868A9D3}
		{4D57F28C-EDD9-4A8A-A9E8-DDF93D725506} = {117C5471-9C2A-4667-92D3-AB0EA868A9D3}
	EndGlobalSection
	GlobalSection(ExtensibilityGlobals) = postSolution
		SolutionGuid = {3E83D25D-2D20-4033-A370-2E5B8B4E8555}
	EndGlobalSection
EndGlobal
